// !$*UTF8*$!
{
	archiveVersion = 1;
	classes = {
	};
	objectVersion = 46;
	objects = {

/* Begin PBXBuildFile section */
		6C8975F61F43A1B800DF1B29 /* main.cpp in Sources */ = {isa = PBXBuildFile; fileRef = 6C8975F51F43A1B800DF1B29 /* main.cpp */; };
		6C8975FE1F43A45A00DF1B29 /* Inbox.cpp in Sources */ = {isa = PBXBuildFile; fileRef = 6C8975FC1F43A45A00DF1B29 /* Inbox.cpp */; };
/* End PBXBuildFile section */

/* Begin PBXCopyFilesBuildPhase section */
		6C8975F01F43A1B800DF1B29 /* CopyFiles */ = {
			isa = PBXCopyFilesBuildPhase;
			buildActionMask = 2147483647;
			dstPath = /usr/share/man/man1/;
			dstSubfolderSpec = 0;
			files = (
			);
			runOnlyForDeploymentPostprocessing = 1;
		};
/* End PBXCopyFilesBuildPhase section */

/* Begin PBXFileReference section */
		6C8975F21F43A1B800DF1B29 /* Inbox */ = {isa = PBXFileReference; explicitFileType = "compiled.mach-o.executable"; includeInIndex = 0; path = Inbox; sourceTree = BUILT_PRODUCTS_DIR; };
		6C8975F51F43A1B800DF1B29 /* main.cpp */ = {isa = PBXFileReference; lastKnownFileType = sourcecode.cpp.cpp; path = main.cpp; sourceTree = "<group>"; };
		6C8975FC1F43A45A00DF1B29 /* Inbox.cpp */ = {isa = PBXFileReference; fileEncoding = 4; lastKnownFileType = sourcecode.cpp.cpp; path = Inbox.cpp; sourceTree = "<group>"; };
		6C8975FD1F43A45A00DF1B29 /* Inbox.hpp */ = {isa = PBXFileReference; fileEncoding = 4; lastKnownFileType = sourcecode.cpp.h; path = Inbox.hpp; sourceTree = "<group>"; };
		6C8976001F43AF5900DF1B29 /* Contacts */ = {isa = PBXFileReference; lastKnownFileType = folder; path = Contacts; sourceTree = "<group>"; };
		6C8976011F43AF5900DF1B29 /* Open */ = {isa = PBXFileReference; lastKnownFileType = folder; path = Open; sourceTree = "<group>"; };
		6C8976021F43AF5900DF1B29 /* Saved */ = {isa = PBXFileReference; lastKnownFileType = folder; path = Saved; sourceTree = "<group>"; };
/* End PBXFileReference section */

/* Begin PBXFrameworksBuildPhase section */
		6C8975EF1F43A1B800DF1B29 /* Frameworks */ = {
			isa = PBXFrameworksBuildPhase;
			buildActionMask = 2147483647;
			files = (
			);
			runOnlyForDeploymentPostprocessing = 0;
		};
/* End PBXFrameworksBuildPhase section */

/* Begin PBXGroup section */
		6C8975E91F43A1B800DF1B29 = {
			isa = PBXGroup;
			children = (
				6C8975F41F43A1B800DF1B29 /* Inbox */,
				6C8975F31F43A1B800DF1B29 /* Products */,
			);
			sourceTree = "<group>";
		};
		6C8975F31F43A1B800DF1B29 /* Products */ = {
			isa = PBXGroup;
			children = (
				6C8975F21F43A1B800DF1B29 /* Inbox */,
			);
			name = Products;
			sourceTree = "<group>";
		};
		6C8975F41F43A1B800DF1B29 /* Inbox */ = {
			isa = PBXGroup;
			children = (
				6C8975F51F43A1B800DF1B29 /* main.cpp */,
				6C8975FD1F43A45A00DF1B29 /* Inbox.hpp */,
				6C8975FC1F43A45A00DF1B29 /* Inbox.cpp */,
				6C8976001F43AF5900DF1B29 /* Contacts */,
				6C8976011F43AF5900DF1B29 /* Open */,
				6C8976021F43AF5900DF1B29 /* Saved */,
			);
			path = Inbox;
			sourceTree = "<group>";
		};
/* End PBXGroup section */

/* Begin PBXNativeTarget section */
		6C8975F11F43A1B800DF1B29 /* Inbox */ = {
			isa = PBXNativeTarget;
			buildConfigurationList = 6C8975F91F43A1B800DF1B29 /* Build configuration list for PBXNativeTarget "Inbox" */;
			buildPhases = (
				6C8975EE1F43A1B800DF1B29 /* Sources */,
				6C8975EF1F43A1B800DF1B29 /* Frameworks */,
				6C8975F01F43A1B800DF1B29 /* CopyFiles */,
			);
			buildRules = (
			);
			dependencies = (
			);
			name = Inbox;
			productName = Inbox;
			productReference = 6C8975F21F43A1B800DF1B29 /* Inbox */;
			productType = "com.apple.product-type.tool";
		};
/* End PBXNativeTarget section */

/* Begin PBXProject section */
		6C8975EA1F43A1B800DF1B29 /* Project object */ = {
			isa = PBXProject;
			attributes = {
				LastUpgradeCheck = 0830;
				ORGANIZATIONNAME = "Justin Thompson";
				TargetAttributes = {
					6C8975F11F43A1B800DF1B29 = {
						CreatedOnToolsVersion = 8.3.3;
						DevelopmentTeam = 3VMGS975WD;
						ProvisioningStyle = Automatic;
					};
				};
			};
			buildConfigurationList = 6C8975ED1F43A1B800DF1B29 /* Build configuration list for PBXProject "Inbox" */;
			compatibilityVersion = "Xcode 3.2";
			developmentRegion = English;
			hasScannedForEncodings = 0;
			knownRegions = (
				en,
			);
			mainGroup = 6C8975E91F43A1B800DF1B29;
			productRefGroup = 6C8975F31F43A1B800DF1B29 /* Products */;
			projectDirPath = "";
			projectRoot = "";
			targets = (
				6C8975F11F43A1B800DF1B29 /* Inbox */,
			);
		};
/* End PBXProject section */

/* Begin PBXSourcesBuildPhase section */
		6C8975EE1F43A1B800DF1B29 /* Sources */ = {
			isa = PBXSourcesBuildPhase;
			buildActionMask = 2147483647;
			files = (
				6C8975FE1F43A45A00DF1B29 /* Inbox.cpp in Sources */,
				6C8975F61F43A1B800DF1B29 /* main.cpp in Sources */,
			);
			runOnlyForDeploymentPostprocessing = 0;
		};
/* End PBXSourcesBuildPhase section */

/* Begin XCBuildConfiguration section */
		6C8975F71F43A1B800DF1B29 /* Debug */ = {
			isa = XCBuildConfiguration;
			buildSettings = {
				ALWAYS_SEARCH_USER_PATHS = NO;
				CLANG_ANALYZER_NONNULL = YES;
				CLANG_ANALYZER_NUMBER_OBJECT_CONVERSION = YES_AGGRESSIVE;
				CLANG_CXX_LANGUAGE_STANDARD = "gnu++0x";
				CLANG_CXX_LIBRARY = "libc++";
				CLANG_ENABLE_MODULES = YES;
				CLANG_ENABLE_OBJC_ARC = YES;
				CLANG_WARN_BOOL_CONVERSION = YES;
				CLANG_WARN_CONSTANT_CONVERSION = YES;
				CLANG_WARN_DIRECT_OBJC_ISA_USAGE = YES_ERROR;
				CLANG_WARN_DOCUMENTATION_COMMENTS = YES;
				CLANG_WARN_EMPTY_BODY = YES;
				CLANG_WARN_ENUM_CONVERSION = YES;
				CLANG_WARN_INFINITE_RECURSION = YES;
				CLANG_WARN_INT_CONVERSION = YES;
				CLANG_WARN_OBJC_ROOT_CLASS = YES_ERROR;
				CLANG_WARN_SUSPICIOUS_MOVE = YES;
				CLANG_WARN_UNREACHABLE_CODE = YES;
				CLANG_WARN__DUPLICATE_METHOD_MATCH = YES;
				CODE_SIGN_IDENTITY = "-";
				COPY_PHASE_STRIP = NO;
				DEBUG_INFORMATION_FORMAT = dwarf;
				ENABLE_STRICT_OBJC_MSGSEND = YES;
				ENABLE_TESTABILITY = YES;
				GCC_C_LANGUAGE_STANDARD = gnu99;
				GCC_DYNAMIC_NO_PIC = NO;
				GCC_NO_COMMON_BLOCKS = YES;
				GCC_OPTIMIZATION_LEVEL = 0;
				GCC_PREPROCESSOR_DEFINITIONS = (
					"DEBUG=1",
					"$(inherited)",
				);
				GCC_WARN_64_TO_32_BIT_CONVERSION = YES;
				GCC_WARN_ABOUT_RETURN_TYPE = YES_ERROR;
				GCC_WARN_UNDECLARED_SELECTOR = YES;
				GCC_WARN_UNINITIALIZED_AUTOS = YES_AGGRESSIVE;
				GCC_WARN_UNUSED_FUNCTION = YES;
				GCC_WARN_UNUSED_VARIABLE = YES;
				MACOSX_DEPLOYMENT_TARGET = 10.12;
				MTL_ENABLE_DEBUG_INFO = YES;
				ONLY_ACTIVE_ARCH = YES;
				SDKROOT = macosx;
			};
			name = Debug;
		};
		6C8975F81F43A1B800DF1B29 /* Release */ = {
			isa = XCBuildConfiguration;
			buildSettings = {
				ALWAYS_SEARCH_USER_PATHS = NO;
				CLANG_ANALYZER_NONNULL = YES;
				CLANG_ANALYZER_NUMBER_OBJECT_CONVERSION = YES_AGGRESSIVE;
				CLANG_CXX_LANGUAGE_STANDARD = "gnu++0x";
				CLANG_CXX_LIBRARY = "libc++";
				CLANG_ENABLE_MODULES = YES;
				CLANG_ENABLE_OBJC_ARC = YES;
				CLANG_WARN_BOOL_CONVERSION = YES;
				CLANG_WARN_CONSTANT_CONVERSION = YES;
				CLANG_WARN_DIRECT_OBJC_ISA_USAGE = YES_ERROR;
				CLANG_WARN_DOCUMENTATION_COMMENTS = YES;
				CLANG_WARN_EMPTY_BODY = YES;
				CLANG_WARN_ENUM_CONVERSION = YES;
				CLANG_WARN_INFINITE_RECURSION = YES;
				CLANG_WARN_INT_CONVERSION = YES;
				CLANG_WARN_OBJC_ROOT_CLASS = YES_ERROR;
				CLANG_WARN_SUSPICIOUS_MOVE = YES;
				CLANG_WARN_UNREACHABLE_CODE = YES;
				CLANG_WARN__DUPLICATE_METHOD_MATCH = YES;
				CODE_SIGN_IDENTITY = "-";
				COPY_PHASE_STRIP = NO;
				DEBUG_INFORMATION_FORMAT = "dwarf-with-dsym";
				ENABLE_NS_ASSERTIONS = NO;
				ENABLE_STRICT_OBJC_MSGSEND = YES;
				GCC_C_LANGUAGE_STANDARD = gnu99;
				GCC_NO_COMMON_BLOCKS = YES;
				GCC_WARN_64_TO_32_BIT_CONVERSION = YES;
				GCC_WARN_ABOUT_RETURN_TYPE = YES_ERROR;
				GCC_WARN_UNDECLARED_SELECTOR = YES;
				GCC_WARN_UNINITIALIZED_AUTOS = YES_AGGRESSIVE;
				GCC_WARN_UNUSED_FUNCTION = YES;
				GCC_WARN_UNUSED_VARIABLE = YES;
				MACOSX_DEPLOYMENT_TARGET = 10.12;
				MTL_ENABLE_DEBUG_INFO = NO;
				SDKROOT = macosx;
			};
			name = Release;
		};
		6C8975FA1F43A1B800DF1B29 /* Debug */ = {
			isa = XCBuildConfiguration;
			buildSettings = {
				DEVELOPMENT_TEAM = 3VMGS975WD;
				PRODUCT_NAME = "$(TARGET_NAME)";
			};
			name = Debug;
		};
		6C8975FB1F43A1B800DF1B29 /* Release */ = {
			isa = XCBuildConfiguration;
			buildSettings = {
				DEVELOPMENT_TEAM = 3VMGS975WD;
				PRODUCT_NAME = "$(TARGET_NAME)";
			};
			name = Release;
		};
/* End XCBuildConfiguration section */

/* Begin XCConfigurationList section */
		6C8975ED1F43A1B800DF1B29 /* Build configuration list for PBXProject "Inbox" */ = {
			isa = XCConfigurationList;
			buildConfigurations = (
				6C8975F71F43A1B800DF1B29 /* Debug */,
				6C8975F81F43A1B800DF1B29 /* Release */,
			);
			defaultConfigurationIsVisible = 0;
			defaultConfigurationName = Release;
		};
		6C8975F91F43A1B800DF1B29 /* Build configuration list for PBXNativeTarget "Inbox" */ = {
			isa = XCConfigurationList;
			buildConfigurations = (
				6C8975FA1F43A1B800DF1B29 /* Debug */,
				6C8975FB1F43A1B800DF1B29 /* Release */,
			);
			defaultConfigurationIsVisible = 0;
		};
/* End XCConfigurationList section */
	};
	rootObject = 6C8975EA1F43A1B800DF1B29 /* Project object */;
}
